
Microsoft Visual Studio Solution File, Format Version 12.00
# Visual Studio Version 17
VisualStudioVersion = 17.9.34511.98
MinimumVisualStudioVersion = 10.0.40219.1
Project("{FAE04EC0-301F-11D3-BF4B-00C04F79EFBC}") = "WebAPI", "WebAPI.csproj", "{E7814F49-F3AE-4BCF-80D2-A34F6D75E37B}"
EndProject
Global
	GlobalSection(SolutionConfigurationPlatforms) = preSolution
		Debug|Any CPU = Debug|Any CPU
		Release|Any CPU = Release|Any CPU
	EndGlobalSection
	GlobalSection(ProjectConfigurationPlatforms) = postSolution
		{E7814F49-F3AE-4BCF-80D2-A34F6D75E37B}.Debug|Any CPU.ActiveCfg = Debug|Any CPU
		{E7814F49-F3AE-4BCF-80D2-A34F6D75E37B}.Debug|Any CPU.Build.0 = Debug|Any CPU
		{E7814F49-F3AE-4BCF-80D2-A34F6D75E37B}.Release|Any CPU.ActiveCfg = Release|Any CPU
		{E7814F49-F3AE-4BCF-80D2-A34F6D75E37B}.Release|Any CPU.Build.0 = Release|Any CPU
	EndGlobalSection
	GlobalSection(SolutionProperties) = preSolution
		HideSolutionNode = FALSE
	EndGlobalSection
	GlobalSection(ExtensibilityGlobals) = postSolution
		SolutionGuid = {B883AA7E-AF3C-4DB1-816C-320F85D0BB7D}
	EndGlobalSection
EndGlobal
